hash: d4cd7a60059ad0f1ac425413b3c7f12533f6125ee5a8ccac7645d98f97bc42ca
updated: 2016-11-20T01:43:07.538513398+09:00
imports:
- name: github.com/BurntSushi/toml
  version: bbd5bb678321a0d6e58f1099321dfa73391c1b6f
- name: github.com/ymomoi/podcast-feed-server
  version: e2b491f47057f7489e4e685b5efc93a1e66f5d6d
  subpackages:
  - config
  - rss
testImports: []
