hash: d4cd7a60059ad0f1ac425413b3c7f12533f6125ee5a8ccac7645d98f97bc42ca
updated: 2016-11-29T01:05:07.613944984+09:00
imports:
- name: github.com/BurntSushi/toml
  version: ""
- name: github.com/wtolson/go-taglib
  version: 6e68349ff94ecea412de7e748cb5eaa26f472777
- name: github.com/ymomoi/podcast-feed-server
  version: 87f049cb350ccdd1df420825d264b6ef09bd584e
  subpackages:
  - config
  - rss
testImports: []
